
Microsoft Visual Studio Solution File, Format Version 12.00
# Visual Studio 2012
Project("{FAE04EC0-301F-11D3-BF4B-00C04F79EFBC}") = "Pinglator.Core", "Pinglator.Core\Pinglator.Core.csproj", "{0753B245-492A-457B-A7C1-CD07D37CFC30}"
EndProject
Project("{FAE04EC0-301F-11D3-BF4B-00C04F79EFBC}") = "Pinglator.WinPhone.Converter", "Pinglator.WinPhone.Converter\Pinglator.WinPhone.Converter.csproj", "{EEBA3460-1DAA-4788-8842-FD935F53D422}"
EndProject
Project("{FAE04EC0-301F-11D3-BF4B-00C04F79EFBC}") = "Pinglator.Test", "Pinglator.Test\Pinglator.Test.csproj", "{A60E85F6-BB0C-4706-BA11-9D249943E76E}"
EndProject
Project("{FAE04EC0-301F-11D3-BF4B-00C04F79EFBC}") = "Pinglator.VocabConverter", "Pinglator.VocabConverter\Pinglator.VocabConverter.csproj", "{AB3F9237-9009-4C2F-A0AA-4DF14E0FC001}"
EndProject
Global
	GlobalSection(SolutionConfigurationPlatforms) = preSolution
		Debug|Any CPU = Debug|Any CPU
		Debug|ARM = Debug|ARM
		Debug|x86 = Debug|x86
		Release|Any CPU = Release|Any CPU
		Release|ARM = Release|ARM
		Release|x86 = Release|x86
	EndGlobalSection
	GlobalSection(ProjectConfigurationPlatforms) = postSolution
		{0753B245-492A-457B-A7C1-CD07D37CFC30}.Debug|Any CPU.ActiveCfg = Debug|Any CPU
		{0753B245-492A-457B-A7C1-CD07D37CFC30}.Debug|Any CPU.Build.0 = Debug|Any CPU
		{0753B245-492A-457B-A7C1-CD07D37CFC30}.Debug|ARM.ActiveCfg = Debug|Any CPU
		{0753B245-492A-457B-A7C1-CD07D37CFC30}.Debug|x86.ActiveCfg = Debug|Any CPU
		{0753B245-492A-457B-A7C1-CD07D37CFC30}.Release|Any CPU.ActiveCfg = Release|Any CPU
		{0753B245-492A-457B-A7C1-CD07D37CFC30}.Release|Any CPU.Build.0 = Release|Any CPU
		{0753B245-492A-457B-A7C1-CD07D37CFC30}.Release|ARM.ActiveCfg = Release|Any CPU
		{0753B245-492A-457B-A7C1-CD07D37CFC30}.Release|x86.ActiveCfg = Release|Any CPU
		{EEBA3460-1DAA-4788-8842-FD935F53D422}.Debug|Any CPU.ActiveCfg = Debug|Any CPU
		{EEBA3460-1DAA-4788-8842-FD935F53D422}.Debug|Any CPU.Build.0 = Debug|Any CPU
		{EEBA3460-1DAA-4788-8842-FD935F53D422}.Debug|Any CPU.Deploy.0 = Debug|Any CPU
		{EEBA3460-1DAA-4788-8842-FD935F53D422}.Debug|ARM.ActiveCfg = Debug|ARM
		{EEBA3460-1DAA-4788-8842-FD935F53D422}.Debug|ARM.Build.0 = Debug|ARM
		{EEBA3460-1DAA-4788-8842-FD935F53D422}.Debug|ARM.Deploy.0 = Debug|ARM
		{EEBA3460-1DAA-4788-8842-FD935F53D422}.Debug|x86.ActiveCfg = Debug|x86
		{EEBA3460-1DAA-4788-8842-FD935F53D422}.Debug|x86.Build.0 = Debug|x86
		{EEBA3460-1DAA-4788-8842-FD935F53D422}.Debug|x86.Deploy.0 = Debug|x86
		{EEBA3460-1DAA-4788-8842-FD935F53D422}.Release|Any CPU.ActiveCfg = Release|Any CPU
		{EEBA3460-1DAA-4788-8842-FD935F53D422}.Release|Any CPU.Build.0 = Release|Any CPU
		{EEBA3460-1DAA-4788-8842-FD935F53D422}.Release|Any CPU.Deploy.0 = Release|Any CPU
		{EEBA3460-1DAA-4788-8842-FD935F53D422}.Release|ARM.ActiveCfg = Release|ARM
		{EEBA3460-1DAA-4788-8842-FD935F53D422}.Release|ARM.Build.0 = Release|ARM
		{EEBA3460-1DAA-4788-8842-FD935F53D422}.Release|ARM.Deploy.0 = Release|ARM
		{EEBA3460-1DAA-4788-8842-FD935F53D422}.Release|x86.ActiveCfg = Release|x86
		{EEBA3460-1DAA-4788-8842-FD935F53D422}.Release|x86.Build.0 = Release|x86
		{EEBA3460-1DAA-4788-8842-FD935F53D422}.Release|x86.Deploy.0 = Release|x86
		{A60E85F6-BB0C-4706-BA11-9D249943E76E}.Debug|Any CPU.ActiveCfg = Debug|Any CPU
		{A60E85F6-BB0C-4706-BA11-9D249943E76E}.Debug|Any CPU.Build.0 = Debug|Any CPU
		{A60E85F6-BB0C-4706-BA11-9D249943E76E}.Debug|ARM.ActiveCfg = Debug|Any CPU
		{A60E85F6-BB0C-4706-BA11-9D249943E76E}.Debug|x86.ActiveCfg = Debug|Any CPU
		{A60E85F6-BB0C-4706-BA11-9D249943E76E}.Release|Any CPU.ActiveCfg = Release|Any CPU
		{A60E85F6-BB0C-4706-BA11-9D249943E76E}.Release|Any CPU.Build.0 = Release|Any CPU
		{A60E85F6-BB0C-4706-BA11-9D249943E76E}.Release|ARM.ActiveCfg = Release|Any CPU
		{A60E85F6-BB0C-4706-BA11-9D249943E76E}.Release|x86.ActiveCfg = Release|Any CPU
		{AB3F9237-9009-4C2F-A0AA-4DF14E0FC001}.Debug|Any CPU.ActiveCfg = Debug|Any CPU
		{AB3F9237-9009-4C2F-A0AA-4DF14E0FC001}.Debug|Any CPU.Build.0 = Debug|Any CPU
		{AB3F9237-9009-4C2F-A0AA-4DF14E0FC001}.Debug|ARM.ActiveCfg = Debug|Any CPU
		{AB3F9237-9009-4C2F-A0AA-4DF14E0FC001}.Debug|x86.ActiveCfg = Debug|Any CPU
		{AB3F9237-9009-4C2F-A0AA-4DF14E0FC001}.Release|Any CPU.ActiveCfg = Release|Any CPU
		{AB3F9237-9009-4C2F-A0AA-4DF14E0FC001}.Release|Any CPU.Build.0 = Release|Any CPU
		{AB3F9237-9009-4C2F-A0AA-4DF14E0FC001}.Release|ARM.ActiveCfg = Release|Any CPU
		{AB3F9237-9009-4C2F-A0AA-4DF14E0FC001}.Release|x86.ActiveCfg = Release|Any CPU
	EndGlobalSection
	GlobalSection(SolutionProperties) = preSolution
		HideSolutionNode = FALSE
	EndGlobalSection
EndGlobal
